
Microsoft Visual Studio Solution File, Format Version 12.00
# Visual Studio Version 17
VisualStudioVersion = 17.7.34031.279
MinimumVisualStudioVersion = 10.0.40219.1
Project("{8BC9CEB8-8B4A-11D0-8D11-00A0C91BC942}") = "DepositExe", "DepositExe\DepositExe.vcxproj", "{67819A0E-7DF0-4DFD-AF57-4B6108A02D35}"
EndProject
Global
	GlobalSection(SolutionConfigurationPlatforms) = preSolution
		Debug|x64 = Debug|x64
		Debug|x86 = Debug|x86
		Release|x64 = Release|x64
		Release|x86 = Release|x86
	EndGlobalSection
	GlobalSection(ProjectConfigurationPlatforms) = postSolution
		{67819A0E-7DF0-4DFD-AF57-4B6108A02D35}.Debug|x64.ActiveCfg = Debug|x64
		{67819A0E-7DF0-4DFD-AF57-4B6108A02D35}.Debug|x64.Build.0 = Debug|x64
		{67819A0E-7DF0-4DFD-AF57-4B6108A02D35}.Debug|x86.ActiveCfg = Debug|Win32
		{67819A0E-7DF0-4DFD-AF57-4B6108A02D35}.Debug|x86.Build.0 = Debug|Win32
		{67819A0E-7DF0-4DFD-AF57-4B6108A02D35}.Release|x64.ActiveCfg = Release|x64
		{67819A0E-7DF0-4DFD-AF57-4B6108A02D35}.Release|x64.Build.0 = Release|x64
		{67819A0E-7DF0-4DFD-AF57-4B6108A02D35}.Release|x86.ActiveCfg = Release|Win32
		{67819A0E-7DF0-4DFD-AF57-4B6108A02D35}.Release|x86.Build.0 = Release|Win32
	EndGlobalSection
	GlobalSection(SolutionProperties) = preSolution
		HideSolutionNode = FALSE
	EndGlobalSection
	GlobalSection(ExtensibilityGlobals) = postSolution
		SolutionGuid = {8FFB058E-18F1-4565-AE0C-8029061E5E62}
	EndGlobalSection
EndGlobal
